// !$*UTF8*$!
{
	archiveVersion = 1;
	classes = {
	};
	objectVersion = 50;
	objects = {

/* Begin PBXBuildFile section */
		14F9913725D49DB30031CC5E /* images.xcassets in Resources */ = {isa = PBXBuildFile; fileRef = 14F9913625D49DB30031CC5E /* images.xcassets */; };
		AB0EF78A25D36CDA00D544F2 /* Continent.swift in Sources */ = {isa = PBXBuildFile; fileRef = AB0EF78925D36CDA00D544F2 /* Continent.swift */; };
		AB0EF78F25D36D6F00D544F2 /* ContinentView.swift in Sources */ = {isa = PBXBuildFile; fileRef = AB0EF78E25D36D6F00D544F2 /* ContinentView.swift */; };
		ABE3461723FB41C200D06AAB /* AppDelegate.swift in Sources */ = {isa = PBXBuildFile; fileRef = ABE3461623FB41C200D06AAB /* AppDelegate.swift */; };
		ABE3461923FB41C200D06AAB /* SceneDelegate.swift in Sources */ = {isa = PBXBuildFile; fileRef = ABE3461823FB41C200D06AAB /* SceneDelegate.swift */; };
		ABE3462323FB41C700D06AAB /* LaunchScreen.storyboard in Resources */ = {isa = PBXBuildFile; fileRef = ABE3462123FB41C700D06AAB /* LaunchScreen.storyboard */; };
		ABE3462E23FB41C800D06AAB /* TabBarDemoTests.swift in Sources */ = {isa = PBXBuildFile; fileRef = ABE3462D23FB41C800D06AAB /* TabBarDemoTests.swift */; };
		ABE3463923FB41C800D06AAB /* TabBarDemoUITests.swift in Sources */ = {isa = PBXBuildFile; fileRef = ABE3463823FB41C800D06AAB /* TabBarDemoUITests.swift */; };
		ABE3464923FB457900D06AAB /* TabBarController.swift in Sources */ = {isa = PBXBuildFile; fileRef = ABE3464823FB457900D06AAB /* TabBarController.swift */; };
		ABE3464B23FB45BC00D06AAB /* ContinentVC.swift in Sources */ = {isa = PBXBuildFile; fileRef = ABE3464A23FB45BC00D06AAB /* ContinentVC.swift */; };
		ABE3465423FB609E00D06AAB /* DetailVC.swift in Sources */ = {isa = PBXBuildFile; fileRef = ABE3465323FB609E00D06AAB /* DetailVC.swift */; };
/* End PBXBuildFile section */

/* Begin PBXContainerItemProxy section */
		ABE3462A23FB41C800D06AAB /* PBXContainerItemProxy */ = {
			isa = PBXContainerItemProxy;
			containerPortal = ABE3460B23FB41C200D06AAB /* Project object */;
			proxyType = 1;
			remoteGlobalIDString = ABE3461223FB41C200D06AAB;
			remoteInfo = TabBarDemo;
		};
		ABE3463523FB41C800D06AAB /* PBXContainerItemProxy */ = {
			isa = PBXContainerItemProxy;
			containerPortal = ABE3460B23FB41C200D06AAB /* Project object */;
			proxyType = 1;
			remoteGlobalIDString = ABE3461223FB41C200D06AAB;
			remoteInfo = TabBarDemo;
		};
/* End PBXContainerItemProxy section */

/* Begin PBXFileReference section */
		14F9913625D49DB30031CC5E /* images.xcassets */ = {isa = PBXFileReference; lastKnownFileType = folder.assetcatalog; path = images.xcassets; sourceTree = "<group>"; };
		AB0EF78925D36CDA00D544F2 /* Continent.swift */ = {isa = PBXFileReference; lastKnownFileType = sourcecode.swift; path = Continent.swift; sourceTree = "<group>"; };
		AB0EF78E25D36D6F00D544F2 /* ContinentView.swift */ = {isa = PBXFileReference; lastKnownFileType = sourcecode.swift; path = ContinentView.swift; sourceTree = "<group>"; };
		ABE3461323FB41C200D06AAB /* TabBarDemo.app */ = {isa = PBXFileReference; explicitFileType = wrapper.application; includeInIndex = 0; path = TabBarDemo.app; sourceTree = BUILT_PRODUCTS_DIR; };
		ABE3461623FB41C200D06AAB /* AppDelegate.swift */ = {isa = PBXFileReference; lastKnownFileType = sourcecode.swift; path = AppDelegate.swift; sourceTree = "<group>"; };
		ABE3461823FB41C200D06AAB /* SceneDelegate.swift */ = {isa = PBXFileReference; lastKnownFileType = sourcecode.swift; path = SceneDelegate.swift; sourceTree = "<group>"; };
		ABE3462223FB41C700D06AAB /* Base */ = {isa = PBXFileReference; lastKnownFileType = file.storyboard; name = Base; path = Base.lproj/LaunchScreen.storyboard; sourceTree = "<group>"; };
		ABE3462423FB41C700D06AAB /* Info.plist */ = {isa = PBXFileReference; lastKnownFileType = text.plist.xml; path = Info.plist; sourceTree = "<group>"; };
		ABE3462923FB41C800D06AAB /* TabBarDemoTests.xctest */ = {isa = PBXFileReference; explicitFileType = wrapper.cfbundle; includeInIndex = 0; path = TabBarDemoTests.xctest; sourceTree = BUILT_PRODUCTS_DIR; };
		ABE3462D23FB41C800D06AAB /* TabBarDemoTests.swift */ = {isa = PBXFileReference; lastKnownFileType = sourcecode.swift; path = TabBarDemoTests.swift; sourceTree = "<group>"; };
		ABE3462F23FB41C800D06AAB /* Info.plist */ = {isa = PBXFileReference; lastKnownFileType = text.plist.xml; path = Info.plist; sourceTree = "<group>"; };
		ABE3463423FB41C800D06AAB /* TabBarDemoUITests.xctest */ = {isa = PBXFileReference; explicitFileType = wrapper.cfbundle; includeInIndex = 0; path = TabBarDemoUITests.xctest; sourceTree = BUILT_PRODUCTS_DIR; };
		ABE3463823FB41C800D06AAB /* TabBarDemoUITests.swift */ = {isa = PBXFileReference; lastKnownFileType = sourcecode.swift; path = TabBarDemoUITests.swift; sourceTree = "<group>"; };
		ABE3463A23FB41C800D06AAB /* Info.plist */ = {isa = PBXFileReference; lastKnownFileType = text.plist.xml; path = Info.plist; sourceTree = "<group>"; };
		ABE3464823FB457900D06AAB /* TabBarController.swift */ = {isa = PBXFileReference; lastKnownFileType = sourcecode.swift; path = TabBarController.swift; sourceTree = "<group>"; };
		ABE3464A23FB45BC00D06AAB /* ContinentVC.swift */ = {isa = PBXFileReference; lastKnownFileType = sourcecode.swift; path = ContinentVC.swift; sourceTree = "<group>"; };
		ABE3465323FB609E00D06AAB /* DetailVC.swift */ = {isa = PBXFileReference; lastKnownFileType = sourcecode.swift; path = DetailVC.swift; sourceTree = "<group>"; };
/* End PBXFileReference section */

/* Begin PBXFrameworksBuildPhase section */
		ABE3461023FB41C200D06AAB /* Frameworks */ = {
			isa = PBXFrameworksBuildPhase;
			buildActionMask = 2147483647;
			files = (
			);
			runOnlyForDeploymentPostprocessing = 0;
		};
		ABE3462623FB41C800D06AAB /* Frameworks */ = {
			isa = PBXFrameworksBuildPhase;
			buildActionMask = 2147483647;
			files = (
			);
			runOnlyForDeploymentPostprocessing = 0;
		};
		ABE3463123FB41C800D06AAB /* Frameworks */ = {
			isa = PBXFrameworksBuildPhase;
			buildActionMask = 2147483647;
			files = (
			);
			runOnlyForDeploymentPostprocessing = 0;
		};
/* End PBXFrameworksBuildPhase section */

/* Begin PBXGroup section */
		AB0EF78525D36CA600D544F2 /* Model */ = {
			isa = PBXGroup;
			children = (
				AB0EF78925D36CDA00D544F2 /* Continent.swift */,
			);
			path = Model;
			sourceTree = "<group>";
		};
		AB0EF78725D36CB100D544F2 /* View */ = {
			isa = PBXGroup;
			children = (
				AB0EF78E25D36D6F00D544F2 /* ContinentView.swift */,
			);
			path = View;
			sourceTree = "<group>";
		};
		AB0EF78825D36CBB00D544F2 /* Resources */ = {
			isa = PBXGroup;
			children = (
				ABE3462123FB41C700D06AAB /* LaunchScreen.storyboard */,
				14F9913625D49DB30031CC5E /* images.xcassets */,
			);
			path = Resources;
			sourceTree = "<group>";
		};
		ABE3460A23FB41C200D06AAB = {
			isa = PBXGroup;
			children = (
				ABE3461523FB41C200D06AAB /* TabBarDemo */,
				ABE3462C23FB41C800D06AAB /* TabBarDemoTests */,
				ABE3463723FB41C800D06AAB /* TabBarDemoUITests */,
				ABE3461423FB41C200D06AAB /* Products */,
			);
			sourceTree = "<group>";
		};
		ABE3461423FB41C200D06AAB /* Products */ = {
			isa = PBXGroup;
			children = (
				ABE3461323FB41C200D06AAB /* TabBarDemo.app */,
				ABE3462923FB41C800D06AAB /* TabBarDemoTests.xctest */,
				ABE3463423FB41C800D06AAB /* TabBarDemoUITests.xctest */,
			);
			name = Products;
			sourceTree = "<group>";
		};
		ABE3461523FB41C200D06AAB /* TabBarDemo */ = {
			isa = PBXGroup;
			children = (
				ABE3461623FB41C200D06AAB /* AppDelegate.swift */,
				ABE3461823FB41C200D06AAB /* SceneDelegate.swift */,
				ABE3462423FB41C700D06AAB /* Info.plist */,
				AB0EF78825D36CBB00D544F2 /* Resources */,
				AB0EF78725D36CB100D544F2 /* View */,
				AB0EF78525D36CA600D544F2 /* Model */,
				ABE3465523FB6EDE00D06AAB /* Controller */,
			);
			path = TabBarDemo;
			sourceTree = "<group>";
		};
		ABE3462C23FB41C800D06AAB /* TabBarDemoTests */ = {
			isa = PBXGroup;
			children = (
				ABE3462D23FB41C800D06AAB /* TabBarDemoTests.swift */,
				ABE3462F23FB41C800D06AAB /* Info.plist */,
			);
			path = TabBarDemoTests;
			sourceTree = "<group>";
		};
		ABE3463723FB41C800D06AAB /* TabBarDemoUITests */ = {
			isa = PBXGroup;
			children = (
				ABE3463823FB41C800D06AAB /* TabBarDemoUITests.swift */,
				ABE3463A23FB41C800D06AAB /* Info.plist */,
			);
			path = TabBarDemoUITests;
			sourceTree = "<group>";
		};
		ABE3465523FB6EDE00D06AAB /* Controller */ = {
			isa = PBXGroup;
			children = (
				ABE3464823FB457900D06AAB /* TabBarController.swift */,
				ABE3464A23FB45BC00D06AAB /* ContinentVC.swift */,
				ABE3465323FB609E00D06AAB /* DetailVC.swift */,
			);
			path = Controller;
			sourceTree = "<group>";
		};
/* End PBXGroup section */

/* Begin PBXNativeTarget section */
		ABE3461223FB41C200D06AAB /* TabBarDemo */ = {
			isa = PBXNativeTarget;
			buildConfigurationList = ABE3463D23FB41C800D06AAB /* Build configuration list for PBXNativeTarget "TabBarDemo" */;
			buildPhases = (
				ABE3460F23FB41C200D06AAB /* Sources */,
				ABE3461023FB41C200D06AAB /* Frameworks */,
				ABE3461123FB41C200D06AAB /* Resources */,
			);
			buildRules = (
			);
			dependencies = (
			);
			name = TabBarDemo;
			productName = TabBarDemo;
			productReference = ABE3461323FB41C200D06AAB /* TabBarDemo.app */;
			productType = "com.apple.product-type.application";
		};
		ABE3462823FB41C800D06AAB /* TabBarDemoTests */ = {
			isa = PBXNativeTarget;
			buildConfigurationList = ABE3464023FB41C800D06AAB /* Build configuration list for PBXNativeTarget "TabBarDemoTests" */;
			buildPhases = (
				ABE3462523FB41C800D06AAB /* Sources */,
				ABE3462623FB41C800D06AAB /* Frameworks */,
				ABE3462723FB41C800D06AAB /* Resources */,
			);
			buildRules = (
			);
			dependencies = (
				ABE3462B23FB41C800D06AAB /* PBXTargetDependency */,
			);
			name = TabBarDemoTests;
			productName = TabBarDemoTests;
			productReference = ABE3462923FB41C800D06AAB /* TabBarDemoTests.xctest */;
			productType = "com.apple.product-type.bundle.unit-test";
		};
		ABE3463323FB41C800D06AAB /* TabBarDemoUITests */ = {
			isa = PBXNativeTarget;
			buildConfigurationList = ABE3464323FB41C800D06AAB /* Build configuration list for PBXNativeTarget "TabBarDemoUITests" */;
			buildPhases = (
				ABE3463023FB41C800D06AAB /* Sources */,
				ABE3463123FB41C800D06AAB /* Frameworks */,
				ABE3463223FB41C800D06AAB /* Resources */,
			);
			buildRules = (
			);
			dependencies = (
				ABE3463623FB41C800D06AAB /* PBXTargetDependency */,
			);
			name = TabBarDemoUITests;
			productName = TabBarDemoUITests;
			productReference = ABE3463423FB41C800D06AAB /* TabBarDemoUITests.xctest */;
			productType = "com.apple.product-type.bundle.ui-testing";
		};
/* End PBXNativeTarget section */

/* Begin PBXProject section */
		ABE3460B23FB41C200D06AAB /* Project object */ = {
			isa = PBXProject;
			attributes = {
				LastSwiftUpdateCheck = 1100;
				LastUpgradeCheck = 1230;
				ORGANIZATIONNAME = "Adriana González Martínez";
				TargetAttributes = {
					ABE3461223FB41C200D06AAB = {
						CreatedOnToolsVersion = 11.0;
					};
					ABE3462823FB41C800D06AAB = {
						CreatedOnToolsVersion = 11.0;
						TestTargetID = ABE3461223FB41C200D06AAB;
					};
					ABE3463323FB41C800D06AAB = {
						CreatedOnToolsVersion = 11.0;
						TestTargetID = ABE3461223FB41C200D06AAB;
					};
				};
			};
			buildConfigurationList = ABE3460E23FB41C200D06AAB /* Build configuration list for PBXProject "TabBarDemo" */;
			compatibilityVersion = "Xcode 9.3";
			developmentRegion = en;
			hasScannedForEncodings = 0;
			knownRegions = (
				en,
				Base,
			);
			mainGroup = ABE3460A23FB41C200D06AAB;
			productRefGroup = ABE3461423FB41C200D06AAB /* Products */;
			projectDirPath = "";
			projectRoot = "";
			targets = (
				ABE3461223FB41C200D06AAB /* TabBarDemo */,
				ABE3462823FB41C800D06AAB /* TabBarDemoTests */,
				ABE3463323FB41C800D06AAB /* TabBarDemoUITests */,
			);
		};
/* End PBXProject section */

/* Begin PBXResourcesBuildPhase section */
		ABE3461123FB41C200D06AAB /* Resources */ = {
			isa = PBXResourcesBuildPhase;
			buildActionMask = 2147483647;
			files = (
				14F9913725D49DB30031CC5E /* images.xcassets in Resources */,
				ABE3462323FB41C700D06AAB /* LaunchScreen.storyboard in Resources */,
			);
			runOnlyForDeploymentPostprocessing = 0;
		};
		ABE3462723FB41C800D06AAB /* Resources */ = {
			isa = PBXResourcesBuildPhase;
			buildActionMask = 2147483647;
			files = (
			);
			runOnlyForDeploymentPostprocessing = 0;
		};
		ABE3463223FB41C800D06AAB /* Resources */ = {
			isa = PBXResourcesBuildPhase;
			buildActionMask = 2147483647;
			files = (
			);
			runOnlyForDeploymentPostprocessing = 0;
		};
/* End PBXResourcesBuildPhase section */

/* Begin PBXSourcesBuildPhase section */
		ABE3460F23FB41C200D06AAB /* Sources */ = {
			isa = PBXSourcesBuildPhase;
			buildActionMask = 2147483647;
			files = (
				ABE3465423FB609E00D06AAB /* DetailVC.swift in Sources */,
				ABE3464923FB457900D06AAB /* TabBarController.swift in Sources */,
				AB0EF78A25D36CDA00D544F2 /* Continent.swift in Sources */,
				ABE3461723FB41C200D06AAB /* AppDelegate.swift in Sources */,
				AB0EF78F25D36D6F00D544F2 /* ContinentView.swift in Sources */,
				ABE3464B23FB45BC00D06AAB /* ContinentVC.swift in Sources */,
				ABE3461923FB41C200D06AAB /* SceneDelegate.swift in Sources */,
			);
			runOnlyForDeploymentPostprocessing = 0;
		};
		ABE3462523FB41C800D06AAB /* Sources */ = {
			isa = PBXSourcesBuildPhase;
			buildActionMask = 2147483647;
			files = (
				ABE3462E23FB41C800D06AAB /* TabBarDemoTests.swift in Sources */,
			);
			runOnlyForDeploymentPostprocessing = 0;
		};
		ABE3463023FB41C800D06AAB /* Sources */ = {
			isa = PBXSourcesBuildPhase;
			buildActionMask = 2147483647;
			files = (
				ABE3463923FB41C800D06AAB /* TabBarDemoUITests.swift in Sources */,
			);
			runOnlyForDeploymentPostprocessing = 0;
		};
/* End PBXSourcesBuildPhase section */

/* Begin PBXTargetDependency section */
		ABE3462B23FB41C800D06AAB /* PBXTargetDependency */ = {
			isa = PBXTargetDependency;
			target = ABE3461223FB41C200D06AAB /* TabBarDemo */;
			targetProxy = ABE3462A23FB41C800D06AAB /* PBXContainerItemProxy */;
		};
		ABE3463623FB41C800D06AAB /* PBXTargetDependency */ = {
			isa = PBXTargetDependency;
			target = ABE3461223FB41C200D06AAB /* TabBarDemo */;
			targetProxy = ABE3463523FB41C800D06AAB /* PBXContainerItemProxy */;
		};
/* End PBXTargetDependency section */

/* Begin PBXVariantGroup section */
		ABE3462123FB41C700D06AAB /* LaunchScreen.storyboard */ = {
			isa = PBXVariantGroup;
			children = (
				ABE3462223FB41C700D06AAB /* Base */,
			);
			name = LaunchScreen.storyboard;
			sourceTree = "<group>";
		};
/* End PBXVariantGroup section */

/* Begin XCBuildConfiguration section */
		ABE3463B23FB41C800D06AAB /* Debug */ = {
			isa = XCBuildConfiguration;
			buildSettings = {
				ALWAYS_SEARCH_USER_PATHS = NO;
				CLANG_ANALYZER_NONNULL = YES;
				CLANG_ANALYZER_NUMBER_OBJECT_CONVERSION = YES_AGGRESSIVE;
				CLANG_CXX_LANGUAGE_STANDARD = "gnu++14";
				CLANG_CXX_LIBRARY = "libc++";
				CLANG_ENABLE_MODULES = YES;
				CLANG_ENABLE_OBJC_ARC = YES;
				CLANG_ENABLE_OBJC_WEAK = YES;
				CLANG_WARN_BLOCK_CAPTURE_AUTORELEASING = YES;
				CLANG_WARN_BOOL_CONVERSION = YES;
				CLANG_WARN_COMMA = YES;
				CLANG_WARN_CONSTANT_CONVERSION = YES;
				CLANG_WARN_DEPRECATED_OBJC_IMPLEMENTATIONS = YES;
				CLANG_WARN_DIRECT_OBJC_ISA_USAGE = YES_ERROR;
				CLANG_WARN_DOCUMENTATION_COMMENTS = YES;
				CLANG_WARN_EMPTY_BODY = YES;
				CLANG_WARN_ENUM_CONVERSION = YES;
				CLANG_WARN_INFINITE_RECURSION = YES;
				CLANG_WARN_INT_CONVERSION = YES;
				CLANG_WARN_NON_LITERAL_NULL_CONVERSION = YES;
				CLANG_WARN_OBJC_IMPLICIT_RETAIN_SELF = YES;
				CLANG_WARN_OBJC_LITERAL_CONVERSION = YES;
				CLANG_WARN_OBJC_ROOT_CLASS = YES_ERROR;
				CLANG_WARN_QUOTED_INCLUDE_IN_FRAMEWORK_HEADER = YES;
				CLANG_WARN_RANGE_LOOP_ANALYSIS = YES;
				CLANG_WARN_STRICT_PROTOTYPES = YES;
				CLANG_WARN_SUSPICIOUS_MOVE = YES;
				CLANG_WARN_UNGUARDED_AVAILABILITY = YES_AGGRESSIVE;
				CLANG_WARN_UNREACHABLE_CODE = YES;
				CLANG_WARN__DUPLICATE_METHOD_MATCH = YES;
				COPY_PHASE_STRIP = NO;
				DEBUG_INFORMATION_FORMAT = dwarf;
				ENABLE_STRICT_OBJC_MSGSEND = YES;
				ENABLE_TESTABILITY = YES;
				GCC_C_LANGUAGE_STANDARD = gnu11;
				GCC_DYNAMIC_NO_PIC = NO;
				GCC_NO_COMMON_BLOCKS = YES;
				GCC_OPTIMIZATION_LEVEL = 0;
				GCC_PREPROCESSOR_DEFINITIONS = (
					"DEBUG=1",
					"$(inherited)",
				);
				GCC_WARN_64_TO_32_BIT_CONVERSION = YES;
				GCC_WARN_ABOUT_RETURN_TYPE = YES_ERROR;
				GCC_WARN_UNDECLARED_SELECTOR = YES;
				GCC_WARN_UNINITIALIZED_AUTOS = YES_AGGRESSIVE;
				GCC_WARN_UNUSED_FUNCTION = YES;
				GCC_WARN_UNUSED_VARIABLE = YES;
				IPHONEOS_DEPLOYMENT_TARGET = 13.0;
				MTL_ENABLE_DEBUG_INFO = INCLUDE_SOURCE;
				MTL_FAST_MATH = YES;
				ONLY_ACTIVE_ARCH = YES;
				SDKROOT = iphoneos;
				SWIFT_ACTIVE_COMPILATION_CONDITIONS = DEBUG;
				SWIFT_OPTIMIZATION_LEVEL = "-Onone";
			};
			name = Debug;
		};
		ABE3463C23FB41C800D06AAB /* Release */ = {
			isa = XCBuildConfiguration;
			buildSettings = {
				ALWAYS_SEARCH_USER_PATHS = NO;
				CLANG_ANALYZER_NONNULL = YES;
				CLANG_ANALYZER_NUMBER_OBJECT_CONVERSION = YES_AGGRESSIVE;
				CLANG_CXX_LANGUAGE_STANDARD = "gnu++14";
				CLANG_CXX_LIBRARY = "libc++";
				CLANG_ENABLE_MODULES = YES;
				CLANG_ENABLE_OBJC_ARC = YES;
				CLANG_ENABLE_OBJC_WEAK = YES;
				CLANG_WARN_BLOCK_CAPTURE_AUTORELEASING = YES;
				CLANG_WARN_BOOL_CONVERSION = YES;
				CLANG_WARN_COMMA = YES;
				CLANG_WARN_CONSTANT_CONVERSION = YES;
				CLANG_WARN_DEPRECATED_OBJC_IMPLEMENTATIONS = YES;
				CLANG_WARN_DIRECT_OBJC_ISA_USAGE = YES_ERROR;
				CLANG_WARN_DOCUMENTATION_COMMENTS = YES;
				CLANG_WARN_EMPTY_BODY = YES;
				CLANG_WARN_ENUM_CONVERSION = YES;
				CLANG_WARN_INFINITE_RECURSION = YES;
				CLANG_WARN_INT_CONVERSION = YES;
				CLANG_WARN_NON_LITERAL_NULL_CONVERSION = YES;
				CLANG_WARN_OBJC_IMPLICIT_RETAIN_SELF = YES;
				CLANG_WARN_OBJC_LITERAL_CONVERSION = YES;
				CLANG_WARN_OBJC_ROOT_CLASS = YES_ERROR;
				CLANG_WARN_QUOTED_INCLUDE_IN_FRAMEWORK_HEADER = YES;
				CLANG_WARN_RANGE_LOOP_ANALYSIS = YES;
				CLANG_WARN_STRICT_PROTOTYPES = YES;
				CLANG_WARN_SUSPICIOUS_MOVE = YES;
				CLANG_WARN_UNGUARDED_AVAILABILITY = YES_AGGRESSIVE;
				CLANG_WARN_UNREACHABLE_CODE = YES;
				CLANG_WARN__DUPLICATE_METHOD_MATCH = YES;
				COPY_PHASE_STRIP = NO;
				DEBUG_INFORMATION_FORMAT = "dwarf-with-dsym";
				ENABLE_NS_ASSERTIONS = NO;
				ENABLE_STRICT_OBJC_MSGSEND = YES;
				GCC_C_LANGUAGE_STANDARD = gnu11;
				GCC_NO_COMMON_BLOCKS = YES;
				GCC_WARN_64_TO_32_BIT_CONVERSION = YES;
				GCC_WARN_ABOUT_RETURN_TYPE = YES_ERROR;
				GCC_WARN_UNDECLARED_SELECTOR = YES;
				GCC_WARN_UNINITIALIZED_AUTOS = YES_AGGRESSIVE;
				GCC_WARN_UNUSED_FUNCTION = YES;
				GCC_WARN_UNUSED_VARIABLE = YES;
				IPHONEOS_DEPLOYMENT_TARGET = 13.0;
				MTL_ENABLE_DEBUG_INFO = NO;
				MTL_FAST_MATH = YES;
				SDKROOT = iphoneos;
				SWIFT_COMPILATION_MODE = wholemodule;
				SWIFT_OPTIMIZATION_LEVEL = "-O";
				VALIDATE_PRODUCT = YES;
			};
			name = Release;
		};
		ABE3463E23FB41C800D06AAB /* Debug */ = {
			isa = XCBuildConfiguration;
			buildSettings = {
				ASSETCATALOG_COMPILER_APPICON_NAME = AppIcon;
				CODE_SIGN_STYLE = Automatic;
				DEVELOPMENT_TEAM = TZRX6AQ237;
				INFOPLIST_FILE = TabBarDemo/Info.plist;
				LD_RUNPATH_SEARCH_PATHS = (
					"$(inherited)",
					"@executable_path/Frameworks",
				);
				PRODUCT_BUNDLE_IDENTIFIER = com.amgm.TabBarDemo;
				PRODUCT_NAME = "$(TARGET_NAME)";
				SWIFT_VERSION = 5.0;
				TARGETED_DEVICE_FAMILY = "1,2";
			};
			name = Debug;
		};
		ABE3463F23FB41C800D06AAB /* Release */ = {
			isa = XCBuildConfiguration;
			buildSettings = {
				ASSETCATALOG_COMPILER_APPICON_NAME = AppIcon;
				CODE_SIGN_STYLE = Automatic;
				DEVELOPMENT_TEAM = TZRX6AQ237;
				INFOPLIST_FILE = TabBarDemo/Info.plist;
				LD_RUNPATH_SEARCH_PATHS = (
					"$(inherited)",
					"@executable_path/Frameworks",
				);
				PRODUCT_BUNDLE_IDENTIFIER = com.amgm.TabBarDemo;
				PRODUCT_NAME = "$(TARGET_NAME)";
				SWIFT_VERSION = 5.0;
				TARGETED_DEVICE_FAMILY = "1,2";
			};
			name = Release;
		};
		ABE3464123FB41C800D06AAB /* Debug */ = {
			isa = XCBuildConfiguration;
			buildSettings = {
				ALWAYS_EMBED_SWIFT_STANDARD_LIBRARIES = YES;
				BUNDLE_LOADER = "$(TEST_HOST)";
				CODE_SIGN_STYLE = Automatic;
				DEVELOPMENT_TEAM = TZRX6AQ237;
				INFOPLIST_FILE = TabBarDemoTests/Info.plist;
				IPHONEOS_DEPLOYMENT_TARGET = 13.0;
				LD_RUNPATH_SEARCH_PATHS = (
					"$(inherited)",
					"@executable_path/Frameworks",
					"@loader_path/Frameworks",
				);
				PRODUCT_BUNDLE_IDENTIFIER = com.amgm.TabBarDemoTests;
				PRODUCT_NAME = "$(TARGET_NAME)";
				SWIFT_VERSION = 5.0;
				TARGETED_DEVICE_FAMILY = "1,2";
				TEST_HOST = "$(BUILT_PRODUCTS_DIR)/TabBarDemo.app/TabBarDemo";
			};
			name = Debug;
		};
		ABE3464223FB41C800D06AAB /* Release */ = {
			isa = XCBuildConfiguration;
			buildSettings = {
				ALWAYS_EMBED_SWIFT_STANDARD_LIBRARIES = YES;
				BUNDLE_LOADER = "$(TEST_HOST)";
				CODE_SIGN_STYLE = Automatic;
				DEVELOPMENT_TEAM = TZRX6AQ237;
				INFOPLIST_FILE = TabBarDemoTests/Info.plist;
				IPHONEOS_DEPLOYMENT_TARGET = 13.0;
				LD_RUNPATH_SEARCH_PATHS = (
					"$(inherited)",
					"@executable_path/Frameworks",
					"@loader_path/Frameworks",
				);
				PRODUCT_BUNDLE_IDENTIFIER = com.amgm.TabBarDemoTests;
				PRODUCT_NAME = "$(TARGET_NAME)";
				SWIFT_VERSION = 5.0;
				TARGETED_DEVICE_FAMILY = "1,2";
				TEST_HOST = "$(BUILT_PRODUCTS_DIR)/TabBarDemo.app/TabBarDemo";
			};
			name = Release;
		};
		ABE3464423FB41C800D06AAB /* Debug */ = {
			isa = XCBuildConfiguration;
			buildSettings = {
				ALWAYS_EMBED_SWIFT_STANDARD_LIBRARIES = YES;
				CODE_SIGN_STYLE = Automatic;
				DEVELOPMENT_TEAM = TZRX6AQ237;
				INFOPLIST_FILE = TabBarDemoUITests/Info.plist;
				LD_RUNPATH_SEARCH_PATHS = (
					"$(inherited)",
					"@executable_path/Frameworks",
					"@loader_path/Frameworks",
				);
				PRODUCT_BUNDLE_IDENTIFIER = com.amgm.TabBarDemoUITests;
				PRODUCT_NAME = "$(TARGET_NAME)";
				SWIFT_VERSION = 5.0;
				TARGETED_DEVICE_FAMILY = "1,2";
				TEST_TARGET_NAME = TabBarDemo;
			};
			name = Debug;
		};
		ABE3464523FB41C800D06AAB /* Release */ = {
			isa = XCBuildConfiguration;
			buildSettings = {
				ALWAYS_EMBED_SWIFT_STANDARD_LIBRARIES = YES;
				CODE_SIGN_STYLE = Automatic;
				DEVELOPMENT_TEAM = TZRX6AQ237;
				INFOPLIST_FILE = TabBarDemoUITests/Info.plist;
				LD_RUNPATH_SEARCH_PATHS = (
					"$(inherited)",
					"@executable_path/Frameworks",
					"@loader_path/Frameworks",
				);
				PRODUCT_BUNDLE_IDENTIFIER = com.amgm.TabBarDemoUITests;
				PRODUCT_NAME = "$(TARGET_NAME)";
				SWIFT_VERSION = 5.0;
				TARGETED_DEVICE_FAMILY = "1,2";
				TEST_TARGET_NAME = TabBarDemo;
			};
			name = Release;
		};
/* End XCBuildConfiguration section */

/* Begin XCConfigurationList section */
		ABE3460E23FB41C200D06AAB /* Build configuration list for PBXProject "TabBarDemo" */ = {
			isa = XCConfigurationList;
			buildConfigurations = (
				ABE3463B23FB41C800D06AAB /* Debug */,
				ABE3463C23FB41C800D06AAB /* Release */,
			);
			defaultConfigurationIsVisible = 0;
			defaultConfigurationName = Release;
		};
		ABE3463D23FB41C800D06AAB /* Build configuration list for PBXNativeTarget "TabBarDemo" */ = {
			isa = XCConfigurationList;
			buildConfigurations = (
				ABE3463E23FB41C800D06AAB /* Debug */,
				ABE3463F23FB41C800D06AAB /* Release */,
			);
			defaultConfigurationIsVisible = 0;
			defaultConfigurationName = Release;
		};
		ABE3464023FB41C800D06AAB /* Build configuration list for PBXNativeTarget "TabBarDemoTests" */ = {
			isa = XCConfigurationList;
			buildConfigurations = (
				ABE3464123FB41C800D06AAB /* Debug */,
				ABE3464223FB41C800D06AAB /* Release */,
			);
			defaultConfigurationIsVisible = 0;
			defaultConfigurationName = Release;
		};
		ABE3464323FB41C800D06AAB /* Build configuration list for PBXNativeTarget "TabBarDemoUITests" */ = {
			isa = XCConfigurationList;
			buildConfigurations = (
				ABE3464423FB41C800D06AAB /* Debug */,
				ABE3464523FB41C800D06AAB /* Release */,
			);
			defaultConfigurationIsVisible = 0;
			defaultConfigurationName = Release;
		};
/* End XCConfigurationList section */
	};
	rootObject = ABE3460B23FB41C200D06AAB /* Project object */;
}
